{
  "name": "day_2",
  "lockfileVersion": 2,
  "requires": true,
  "packages": {
    "": {
      "dependencies": {
        "five": "^0.8.0",
        "package": "^1.0.1"
      }
    },
    "node_modules/five": {
      "version": "0.8.0",
      "resolved": "https://registry.npmjs.org/five/-/five-0.8.0.tgz",
      "integrity": "sha512-kx1sT4ZGNZQfOY31NBPJnbPjQ4BLinR9Wu9pmkUYlwx3A9U9QxJGhk2Ro4Fs2Ayn4tptVep/n8vjydKBVUKHYg=="
    },
    "node_modules/package": {
      "version": "1.0.1",
      "resolved": "https://registry.npmjs.org/package/-/package-1.0.1.tgz",
      "integrity": "sha512-g6xZR6CO7okjie83sIRJodgGvaXqymfE5GLhN8N2TmZGShmHc/V23hO/vWbdnuy3D81As3pfovw72gGi42l9qA==",
      "engines": {
        "node": ">= 0.6.0"
      }
    }
  },
  "dependencies": {
    "five": {
      "version": "0.8.0",
      "resolved": "https://registry.npmjs.org/five/-/five-0.8.0.tgz",
      "integrity": "sha512-kx1sT4ZGNZQfOY31NBPJnbPjQ4BLinR9Wu9pmkUYlwx3A9U9QxJGhk2Ro4Fs2Ayn4tptVep/n8vjydKBVUKHYg=="
    },
    "package": {
      "version": "1.0.1",
      "resolved": "https://registry.npmjs.org/package/-/package-1.0.1.tgz",
      "integrity": "sha512-g6xZR6CO7okjie83sIRJodgGvaXqymfE5GLhN8N2TmZGShmHc/V23hO/vWbdnuy3D81As3pfovw72gGi42l9qA=="
    }
  }
}
